{
  "name": "js-tutorial",
  "version": "1.0.0",
  "lockfileVersion": 1,
  "requires": true,
  "dependencies": {
    "@glue42/gateway-web": {
      "version": "3.0.8",
      "resolved": "https://registry.npmjs.org/@glue42/gateway-web/-/gateway-web-3.0.8.tgz",
      "integrity": "sha512-L0Vo6HkyiUCxV2ZLbel0KEJcu1fps4Ktgo6awxFdreFyKGZ+nXAg4eLkVX8ZjdwLQ23VlekSkqazvfJwLk2PQg=="
    },
    "@glue42/golden-layout": {
      "version": "1.0.1",
      "resolved": "https://registry.npmjs.org/@glue42/golden-layout/-/golden-layout-1.0.1.tgz",
      "integrity": "sha512-PLV6Rg3FvCIx1fbT5mneYaTTn/U8xnjFTNXNWGgY3a9mANkvI09faSAdqsNVrA9j7b+8bhEQfqikFiiD89GqGg==",
      "requires": {
        "jquery": "3.5.0"
      },
      "dependencies": {
        "jquery": {
          "version": "3.5.0",
          "resolved": "https://registry.npmjs.org/jquery/-/jquery-3.5.0.tgz",
          "integrity": "sha512-Xb7SVYMvygPxbFMpTFQiHh1J7HClEaThguL15N/Gg37Lri/qKyhRGZYzHRyLH8Stq3Aow0LsHO2O2ci86fCrNQ=="
        }
      }
    },
    "@glue42/web": {
      "version": "1.2.2",
      "resolved": "https://registry.npmjs.org/@glue42/web/-/web-1.2.2.tgz",
      "integrity": "sha512-/MAF1rQECXVgwhEHSprA9Blph5Pt55zYC3xsS9q12cO16DPMpJZPkkMTWTw0wCnR/ub7ccOwE1DStobhclaxVg==",
      "requires": {
        "callback-registry": "^2.5.2",
        "decoder-validate": "0.0.1",
        "shortid": "^2.2.15"
      }
    },
    "@glue42/worker-web": {
      "version": "1.0.0",
      "resolved": "https://registry.npmjs.org/@glue42/worker-web/-/worker-web-1.0.0.tgz",
      "integrity": "sha512-ZJll/ymo24ARkqVwlD89O7cposGSSdJNDLy2xAoSipnq3387eDxPhVrYBSM32rHfjyf+Z1SriQuoq/yvk88brg=="
    },
    "@glue42/workspaces-app": {
      "version": "1.0.1",
      "resolved": "https://registry.npmjs.org/@glue42/workspaces-app/-/workspaces-app-1.0.1.tgz",
      "integrity": "sha512-5O25cA6ENK6AdW3QwJtW+zzDElaau5viegjx25vPZreJy5hOEmCSGWbFNGvIpm6LSdoH+1jAFuWHlJl1BEhUPA==",
      "requires": {
        "@glue42/golden-layout": "^1.0.1",
        "@glue42/web": "^1.2.2",
        "callback-registry": "^2.5.2",
        "jquery": "~3.5.1",
        "resize-observer-polyfill": "^1.5.1",
        "shortid": "^2.2.15"
      }
    },
    "callback-registry": {
      "version": "2.6.0",
      "resolved": "https://registry.npmjs.org/callback-registry/-/callback-registry-2.6.0.tgz",
      "integrity": "sha512-whDyon3lSnlDAw4g+e0AAyNUtqqbPAyDj4h3Ofp4xbFib9aWCTgfChf6kVsXT/9FPWxDxFnXpPOgaR0V9ARxSw=="
    },
    "decoder-validate": {
      "version": "0.0.1",
      "resolved": "https://registry.npmjs.org/decoder-validate/-/decoder-validate-0.0.1.tgz",
      "integrity": "sha512-uwHIDbUJSSLGrLe0ZGNeF9b8YuDvRucBC7GE+a9Ot19Q2oQJkAxCDFS0zZUrTbFaRGhN/Yira2aftI10EPBxWQ=="
    },
    "jquery": {
      "version": "3.5.1",
      "resolved": "https://registry.npmjs.org/jquery/-/jquery-3.5.1.tgz",
      "integrity": "sha512-XwIBPqcMn57FxfT+Go5pzySnm4KWkT1Tv7gjrpT1srtf8Weynl6R273VJ5GjkRb51IzMp5nbaPjJXMWeju2MKg=="
    },
    "nanoid": {
      "version": "2.1.11",
      "resolved": "https://registry.npmjs.org/nanoid/-/nanoid-2.1.11.tgz",
      "integrity": "sha512-s/snB+WGm6uwi0WjsZdaVcuf3KJXlfGl2LcxgwkEwJF0D/BWzVWAZW/XY4bFaiR7s0Jk3FPvlnepg1H1b1UwlA=="
    },
    "resize-observer-polyfill": {
      "version": "1.5.1",
      "resolved": "https://registry.npmjs.org/resize-observer-polyfill/-/resize-observer-polyfill-1.5.1.tgz",
      "integrity": "sha512-LwZrotdHOo12nQuZlHEmtuXdqGoOD0OhaxopaNFxWzInpEgaLWoVuAMbTzixuosCx2nEG58ngzW3vxdWoxIgdg=="
    },
    "shortid": {
      "version": "2.2.15",
      "resolved": "https://registry.npmjs.org/shortid/-/shortid-2.2.15.tgz",
      "integrity": "sha512-5EaCy2mx2Jgc/Fdn9uuDuNIIfWBpzY4XIlhoqtXF6qsf+/+SGZ+FxDdX/ZsMZiWupIWNqAEmiNY4RC+LSmCeOw==",
      "requires": {
        "nanoid": "^2.1.0"
      }
    }
  }
}
