{
  "name": "solution",
  "version": "1.0.0",
  "lockfileVersion": 1,
  "requires": true,
  "dependencies": {
    "@glue42/core": {
      "version": "5.1.2",
      "resolved": "https://registry.npmjs.org/@glue42/core/-/core-5.1.2.tgz",
      "integrity": "sha512-JfeP+O5ikhyg1/XGHApqf4DtA61nzH0EB3CNmuNYMmSvQ+KgR9QqBC9JMC+GM7NWecqboWHlQ+HmdZFAdpNXSw==",
      "requires": {
        "callback-registry": "^2.6.0",
        "shortid": "^2.2.6",
        "ws": "7.1.2"
      }
    },
    "@glue42/gateway-web": {
      "version": "3.0.8",
      "resolved": "https://registry.npmjs.org/@glue42/gateway-web/-/gateway-web-3.0.8.tgz",
      "integrity": "sha512-L0Vo6HkyiUCxV2ZLbel0KEJcu1fps4Ktgo6awxFdreFyKGZ+nXAg4eLkVX8ZjdwLQ23VlekSkqazvfJwLk2PQg=="
    },
    "@glue42/golden-layout": {
      "version": "1.1.2",
      "resolved": "https://registry.npmjs.org/@glue42/golden-layout/-/golden-layout-1.1.2.tgz",
      "integrity": "sha512-l62DtdtodgtaqmARvl57yUzg+IzDkeCzYTt1QDFdlPHNTMkU0K+fy1a+A87qtGBC8r8BvgKjCMtkJcQj4kGU9Q==",
      "requires": {
        "jquery": "3.5.0"
      },
      "dependencies": {
        "jquery": {
          "version": "3.5.0",
          "resolved": "https://registry.npmjs.org/jquery/-/jquery-3.5.0.tgz",
          "integrity": "sha512-Xb7SVYMvygPxbFMpTFQiHh1J7HClEaThguL15N/Gg37Lri/qKyhRGZYzHRyLH8Stq3Aow0LsHO2O2ci86fCrNQ=="
        }
      }
    },
    "@glue42/web": {
      "version": "1.3.2",
      "resolved": "https://registry.npmjs.org/@glue42/web/-/web-1.3.2.tgz",
      "integrity": "sha512-cC5FnoNDMl8LS3YvQHDpJp1mT6kGMX4teVpVOlMfBxaX06hyJz3oztFT+Z7DlGZ37TzbFb66qB+lWOrJG5Ckmw==",
      "requires": {
        "@glue42/workspaces-api": "^1.0.0",
        "callback-registry": "^2.5.2",
        "decoder-validate": "0.0.1",
        "idb": "^5.0.4",
        "shortid": "^2.2.15"
      }
    },
    "@glue42/worker-web": {
      "version": "1.0.1",
      "resolved": "https://registry.npmjs.org/@glue42/worker-web/-/worker-web-1.0.1.tgz",
      "integrity": "sha512-i6Cf8W5HUS94yR8Gndpi06IvXMh4dxGNtM09myniB2WIpL4MgB2LsxCVoNIsz04xZ7P0XTYsciYbBndVDwXYQA=="
    },
    "@glue42/workspaces-api": {
      "version": "1.0.0",
      "resolved": "https://registry.npmjs.org/@glue42/workspaces-api/-/workspaces-api-1.0.0.tgz",
      "integrity": "sha512-20qycPm68mYcZ4QIZnVrtdzz6zRRsVrif3nFoHn8ZT3vbQCUpCuOkyBUS69V/ulnWyJLy+/VdLjRhCLLbABNgQ==",
      "requires": {
        "@glue42/core": "^5.1.2",
        "callback-registry": "^2.5.2",
        "decoder-validate": "0.0.1"
      }
    },
    "@glue42/workspaces-app": {
      "version": "1.1.4",
      "resolved": "https://registry.npmjs.org/@glue42/workspaces-app/-/workspaces-app-1.1.4.tgz",
      "integrity": "sha512-iVLGKZNthTVybvlmkS1S1ff+nC8jqn06OvARlJirw316R26HQmjLPIy84/vdkD2wMY4QCCJQTciooqMDsHK7Nw==",
      "requires": {
        "@glue42/golden-layout": "^1.1.2",
        "@glue42/web": "^1.3.2",
        "@glue42/workspaces-api": "^1.0.0",
        "callback-registry": "^2.5.2",
        "jquery": "~3.5.1",
        "resize-observer-polyfill": "^1.5.1",
        "shortid": "^2.2.15"
      }
    },
    "async-limiter": {
      "version": "1.0.1",
      "resolved": "https://registry.npmjs.org/async-limiter/-/async-limiter-1.0.1.tgz",
      "integrity": "sha512-csOlWGAcRFJaI6m+F2WKdnMKr4HhdhFVBk0H/QbJFMCr+uO2kwohwXQPxw/9OCxp05r5ghVBFSyioixx3gfkNQ=="
    },
    "callback-registry": {
      "version": "2.6.0",
      "resolved": "https://registry.npmjs.org/callback-registry/-/callback-registry-2.6.0.tgz",
      "integrity": "sha512-whDyon3lSnlDAw4g+e0AAyNUtqqbPAyDj4h3Ofp4xbFib9aWCTgfChf6kVsXT/9FPWxDxFnXpPOgaR0V9ARxSw=="
    },
    "decoder-validate": {
      "version": "0.0.1",
      "resolved": "https://registry.npmjs.org/decoder-validate/-/decoder-validate-0.0.1.tgz",
      "integrity": "sha512-uwHIDbUJSSLGrLe0ZGNeF9b8YuDvRucBC7GE+a9Ot19Q2oQJkAxCDFS0zZUrTbFaRGhN/Yira2aftI10EPBxWQ=="
    },
    "idb": {
      "version": "5.0.4",
      "resolved": "https://registry.npmjs.org/idb/-/idb-5.0.4.tgz",
      "integrity": "sha512-g+CRa0NLB5R+VTd8UQK/J8eEPlZk82iwekJQOYA0bFJsc7TGDKyBywNmLBUdHPUyyazV1wN8DdHhSKzEX9Z9kQ=="
    },
    "jquery": {
      "version": "3.5.1",
      "resolved": "https://registry.npmjs.org/jquery/-/jquery-3.5.1.tgz",
      "integrity": "sha512-XwIBPqcMn57FxfT+Go5pzySnm4KWkT1Tv7gjrpT1srtf8Weynl6R273VJ5GjkRb51IzMp5nbaPjJXMWeju2MKg=="
    },
    "nanoid": {
      "version": "2.1.11",
      "resolved": "https://registry.npmjs.org/nanoid/-/nanoid-2.1.11.tgz",
      "integrity": "sha512-s/snB+WGm6uwi0WjsZdaVcuf3KJXlfGl2LcxgwkEwJF0D/BWzVWAZW/XY4bFaiR7s0Jk3FPvlnepg1H1b1UwlA=="
    },
    "resize-observer-polyfill": {
      "version": "1.5.1",
      "resolved": "https://registry.npmjs.org/resize-observer-polyfill/-/resize-observer-polyfill-1.5.1.tgz",
      "integrity": "sha512-LwZrotdHOo12nQuZlHEmtuXdqGoOD0OhaxopaNFxWzInpEgaLWoVuAMbTzixuosCx2nEG58ngzW3vxdWoxIgdg=="
    },
    "shortid": {
      "version": "2.2.15",
      "resolved": "https://registry.npmjs.org/shortid/-/shortid-2.2.15.tgz",
      "integrity": "sha512-5EaCy2mx2Jgc/Fdn9uuDuNIIfWBpzY4XIlhoqtXF6qsf+/+SGZ+FxDdX/ZsMZiWupIWNqAEmiNY4RC+LSmCeOw==",
      "requires": {
        "nanoid": "^2.1.0"
      }
    },
    "ws": {
      "version": "7.1.2",
      "resolved": "https://registry.npmjs.org/ws/-/ws-7.1.2.tgz",
      "integrity": "sha512-gftXq3XI81cJCgkUiAVixA0raD9IVmXqsylCrjRygw4+UOOGzPoxnQ6r/CnVL9i+mDncJo94tSkyrtuuQVBmrg==",
      "requires": {
        "async-limiter": "^1.0.0"
      }
    }
  }
}
